
Microsoft Visual Studio Solution File, Format Version 12.00
# Visual Studio Version 17
VisualStudioVersion = 17.11.35303.130
MinimumVisualStudioVersion = 10.0.40219.1
Project("{FAE04EC0-301F-11D3-BF4B-00C04F79EFBC}") = "Promediador", "Promediador.csproj", "{689EB97D-1B6C-4992-8C3B-D13137F9F699}"
EndProject
Global
	GlobalSection(SolutionConfigurationPlatforms) = preSolution
		Debug|Any CPU = Debug|Any CPU
		Release|Any CPU = Release|Any CPU
	EndGlobalSection
	GlobalSection(ProjectConfigurationPlatforms) = postSolution
		{689EB97D-1B6C-4992-8C3B-D13137F9F699}.Debug|Any CPU.ActiveCfg = Debug|Any CPU
		{689EB97D-1B6C-4992-8C3B-D13137F9F699}.Debug|Any CPU.Build.0 = Debug|Any CPU
		{689EB97D-1B6C-4992-8C3B-D13137F9F699}.Release|Any CPU.ActiveCfg = Release|Any CPU
		{689EB97D-1B6C-4992-8C3B-D13137F9F699}.Release|Any CPU.Build.0 = Release|Any CPU
	EndGlobalSection
	GlobalSection(SolutionProperties) = preSolution
		HideSolutionNode = FALSE
	EndGlobalSection
	GlobalSection(ExtensibilityGlobals) = postSolution
		SolutionGuid = {35D813C3-20EC-4335-AC85-E64CBEE16A6E}
	EndGlobalSection
EndGlobal
